{
  "originHash" : "fb336f27c7f088e1b024f7c12f31b2a6ba7836083fb70a513aa20a185c3ae556",
  "pins" : [
    {
      "identity" : "cestrumcore",
      "kind" : "remoteSourceControl",
      "location" : "https://github.com/Wadye17/CestrumCore",
      "state" : {
        "branch" : "main",
        "revision" : "ea790582362f3bcf2d058247d7c7b002f98d673f"
      }
    },
    {
      "identity" : "prism",
      "kind" : "remoteSourceControl",
      "location" : "https://github.com/jordanbaird/Prism.git",
      "state" : {
        "revision" : "3712037843b9bba341130e4e36be7662ef07e704",
        "version" : "0.1.2"
      }
    },
    {
      "identity" : "swift-argument-parser",
      "kind" : "remoteSourceControl",
      "location" : "https://github.com/apple/swift-argument-parser.git",
      "state" : {
        "revision" : "41982a3656a71c768319979febd796c6fd111d5c",
        "version" : "1.5.0"
      }
    },
    {
      "identity" : "swift-collections",
      "kind" : "remoteSourceControl",
      "location" : "https://github.com/apple/swift-collections.git",
      "state" : {
        "revision" : "671108c96644956dddcd89dd59c203dcdb36cec7",
        "version" : "1.1.4"
      }
    }
  ],
  "version" : 3
}
